{
    "_meta": {
        "hash": {
            "sha256": "9167b56162443ece04ce55b5f52541c0f34893362d6ca0735f99f6628b3d3b70"
        },
        "pipfile-spec": 6,
        "requires": {
            "python_version": "3.9"
        },
        "sources": [
            {
                "name": "pypi",
                "url": "https://pypi.org/simple",
                "verify_ssl": true
            }
        ]
    },
    "default": {
        "dependency-injector": {
            "extras": [
                "yaml"
            ],
            "hashes": [
                "sha256:1538204baac86285c3a8d13add1a1cdb98542df95bbfc5393b1e0a85ffdf25c5",
                "sha256:1fd8b34214d86c26c8e3d397552f99cb6479d7f1973fb94cbad0c03f5b854701",
                "sha256:25b6a227f047afda50c187189d7e9757bad1d7fc25874684874a4374b2340fbf",
                "sha256:3c7faacb6cad7950ea140ce2b9a02c2dc830e6e93c8bdbbb3cc3a4f6ffd83737",
                "sha256:4f925bccdcbcfb19a5a7f0c16159eaf44fb9ed40d84c2e321febee587c9964dd",
                "sha256:5a0df52eacf8c1085d8509f62f1ff44eb13f326557da2570f2f5bf7015d43f95",
                "sha256:628b8b70620f73f4d9dc8dcea827797b1d4bf8aaf76e76fbc9d97d9ed4b7035b",
                "sha256:62b0434f23652fa6633c33e8543a16a9a5430b0bb4a40016c74369a2f94393bb",
                "sha256:6ec48de79c2b1e1e1685a5a639950580eee67b536bd83313bb19eaead01ea344",
                "sha256:8116120099912d3427ff7dc9a281ba9ddbb4fd2c48663712075c8900ab57a742",
                "sha256:82effefc5c4621a257a3a63e35eb5ff1e05b897e1d20731aacd065abbf2bb6e1",
                "sha256:852f2ae9b8842d849d4773c8e16cdc37a5ffcbe4b2f5d75b78ce26d0ff6d98e2",
                "sha256:8af184cfe77c0338262bad4d8efb2bd3db08ea3a8825028ba01d8cb9248d109d",
                "sha256:8f18a50f2716df9078a91d588ac9b1a88f6e01a57e438e691280ebc566ecfcd4",
                "sha256:a1d43d3f9c7aa03e30ee71ae81a314c08836a6f2dabc38ae256e524faf31ad16",
                "sha256:a73bc8a8ca07b30b5e5e8de9773fcb9fd3391b589df6416f0961e8bfc54d486c",
                "sha256:ab9253032af3f3c9512a84dee0abfdc2068ba2734afeba713743d98e1a1f6276",
                "sha256:b0ef567ebc16b7b0cc0ec37acde94836934db2f6fbfdbbd4238362099233d50b",
                "sha256:b692be694dbb9e5231468f1e67bdc60df4a3c00ce4dd313571f58056f2d7d976",
                "sha256:b718a1b975be30da993a10b51ad80b925f5425f990d6f7643accb6f32182a47d",
                "sha256:b91f369c01f73c4a70dd2a79ee34387daec68535c9535310a32aa67b867f7df9",
                "sha256:bb73c1119583477805bb4561e9624e62742259f415deaeb09a458bc42bde01b9",
                "sha256:be69661dd7f0a892776986c870b24a03023d3bea9c822e3bbb03c49c72e84c9e",
                "sha256:c269a82176e93dd7492cc57c2e260450f2c1c780ff7a689657dc7e3d64b09090",
                "sha256:c28b85cac61994ebd28c1c67eaf2efe471ab2f4eb18469fde44b19bc9a6f0d11",
                "sha256:c3060477952474917803acb3c9bc52922cbe96fa086439b9ccc9862bc47f0f1d",
                "sha256:cca31ae1d48465f2404352c3d3fe55241a6b276a28c92721715c961e6a041463",
                "sha256:cf93024a4cddc9639cdda90e7289d8bc65db2bb4425e09b5f63958e78315f563",
                "sha256:d5e7793660cfd5dc247776e3a0b696bf783fa0b082b1a0759228a8f443cb528d",
                "sha256:d5ec5b70fcd50f738eb726acea2b6cbefb4a492eb06f63f76555f52aeb0d5e52",
                "sha256:e3c8b2af39db0b8f3baeffea30f773e432eee548363f2e80a78b710428e90e84",
                "sha256:e43e7cd467e3560572d3541e3d09c331d1f19647c31b8b51a47fcfcd7336e37d",
                "sha256:e657827b11d71ab715a67e2ae72eb48b879b817b78344612a07f14a0e38605d7",
                "sha256:e838b2b8a62af8b58b18c9f70830b374c45dc4bc260b1a21759619e15aed2148",
                "sha256:e9b35e5c23619c1fa18f6e21b1d3723f26bfbe3b2cd53a0fff2c7b491214e7bd",
                "sha256:f40684c54bb9ed68322fcfff6e5aaa3c21812cc613f5426a379c0b02a6ee86b3"
            ],
            "index": "pypi",
            "version": "==4.40.0"
        },
        "pyyaml": {
            "hashes": [
                "sha256:01b45c0191e6d66c470b6cf1b9531a771a83c1c4208272ead47a3ae4f2f603bf",
                "sha256:0283c35a6a9fbf047493e3a0ce8d79ef5030852c51e9d911a27badfde0605293",
                "sha256:055d937d65826939cb044fc8c9b08889e8c743fdc6a32b33e2390f66013e449b",
                "sha256:07751360502caac1c067a8132d150cf3d61339af5691fe9e87803040dbc5db57",
                "sha256:0b4624f379dab24d3725ffde76559cff63d9ec94e1736b556dacdfebe5ab6d4b",
                "sha256:0ce82d761c532fe4ec3f87fc45688bdd3a4c1dc5e0b4a19814b9009a29baefd4",
                "sha256:1e4747bc279b4f613a09eb64bba2ba602d8a6664c6ce6396a4d0cd413a50ce07",
                "sha256:213c60cd50106436cc818accf5baa1aba61c0189ff610f64f4a3e8c6726218ba",
                "sha256:231710d57adfd809ef5d34183b8ed1eeae3f76459c18fb4a0b373ad56bedcdd9",
                "sha256:277a0ef2981ca40581a47093e9e2d13b3f1fbbeffae064c1d21bfceba2030287",
                "sha256:2cd5df3de48857ed0544b34e2d40e9fac445930039f3cfe4bcc592a1f836d513",
                "sha256:40527857252b61eacd1d9af500c3337ba8deb8fc298940291486c465c8b46ec0",
                "sha256:432557aa2c09802be39460360ddffd48156e30721f5e8d917f01d31694216782",
                "sha256:473f9edb243cb1935ab5a084eb238d842fb8f404ed2193a915d1784b5a6b5fc0",
                "sha256:48c346915c114f5fdb3ead70312bd042a953a8ce5c7106d5bfb1a5254e47da92",
                "sha256:50602afada6d6cbfad699b0c7bb50d5ccffa7e46a3d738092afddc1f9758427f",
                "sha256:68fb519c14306fec9720a2a5b45bc9f0c8d1b9c72adf45c37baedfcd949c35a2",
                "sha256:77f396e6ef4c73fdc33a9157446466f1cff553d979bd00ecb64385760c6babdc",
                "sha256:81957921f441d50af23654aa6c5e5eaf9b06aba7f0a19c18a538dc7ef291c5a1",
                "sha256:819b3830a1543db06c4d4b865e70ded25be52a2e0631ccd2f6a47a2822f2fd7c",
                "sha256:897b80890765f037df3403d22bab41627ca8811ae55e9a722fd0392850ec4d86",
                "sha256:98c4d36e99714e55cfbaaee6dd5badbc9a1ec339ebfc3b1f52e293aee6bb71a4",
                "sha256:9df7ed3b3d2e0ecfe09e14741b857df43adb5a3ddadc919a2d94fbdf78fea53c",
                "sha256:9fa600030013c4de8165339db93d182b9431076eb98eb40ee068700c9c813e34",
                "sha256:a80a78046a72361de73f8f395f1f1e49f956c6be882eed58505a15f3e430962b",
                "sha256:afa17f5bc4d1b10afd4466fd3a44dc0e245382deca5b3c353d8b757f9e3ecb8d",
                "sha256:b3d267842bf12586ba6c734f89d1f5b871df0273157918b0ccefa29deb05c21c",
                "sha256:b5b9eccad747aabaaffbc6064800670f0c297e52c12754eb1d976c57e4f74dcb",
                "sha256:bfaef573a63ba8923503d27530362590ff4f576c626d86a9fed95822a8255fd7",
                "sha256:c5687b8d43cf58545ade1fe3e055f70eac7a5a1a0bf42824308d868289a95737",
                "sha256:cba8c411ef271aa037d7357a2bc8f9ee8b58b9965831d9e51baf703280dc73d3",
                "sha256:d15a181d1ecd0d4270dc32edb46f7cb7733c7c508857278d3d378d14d606db2d",
                "sha256:d4b0ba9512519522b118090257be113b9468d804b19d63c71dbcf4a48fa32358",
                "sha256:d4db7c7aef085872ef65a8fd7d6d09a14ae91f691dec3e87ee5ee0539d516f53",
                "sha256:d4eccecf9adf6fbcc6861a38015c2a64f38b9d94838ac1810a9023a0609e1b78",
                "sha256:d67d839ede4ed1b28a4e8909735fc992a923cdb84e618544973d7dfc71540803",
                "sha256:daf496c58a8c52083df09b80c860005194014c3698698d1a57cbcfa182142a3a",
                "sha256:dbad0e9d368bb989f4515da330b88a057617d16b6a8245084f1b05400f24609f",
                "sha256:e61ceaab6f49fb8bdfaa0f92c4b57bcfbea54c09277b1b4f7ac376bfb7a7c174",
                "sha256:f84fbc98b019fef2ee9a1cb3ce93e3187a6df0b2538a651bfb890254ba9f90b5"
            ],
            "version": "==6.0"
        },
        "six": {
            "hashes": [
                "sha256:1e61c37477a1626458e36f7b1d82aa5c9b094fa4802892072e49de9c60c4c926",
                "sha256:8abb2f1d86890a2dfb989f9a77cfcfd3e47c2a354b01111771326f8aa26e0254"
            ],
            "markers": "python_version >= '2.7' and python_version not in '3.0, 3.1, 3.2, 3.3'",
            "version": "==1.16.0"
        }
    },
    "develop": {}
}
